
Microsoft Visual Studio Solution File, Format Version 12.00
# Visual Studio 15
VisualStudioVersion = 15.0.27004.2010
MinimumVisualStudioVersion = 10.0.40219.1
Project("{FAE04EC0-301F-11D3-BF4B-00C04F79EFBC}") = "WCF.ModelLayer", "WCF.ModelLayer\WCF.ModelLayer.csproj", "{B11209D1-D035-442F-AD8C-3D35ED85EF77}"
EndProject
Project("{FAE04EC0-301F-11D3-BF4B-00C04F79EFBC}") = "WCF.BusinessLogicLayer", "WCF.BusinessLogicLayer\WCF.BusinessLogicLayer.csproj", "{2BFB578D-13A9-4B77-BEE7-0814E5C2A25A}"
EndProject
Project("{FAE04EC0-301F-11D3-BF4B-00C04F79EFBC}") = "WCF.DatabaseAccessLayer", "WCF.DatabaseAccessLayer\WCF.DatabaseAccessLayer.csproj", "{38C2AD64-EFC8-45FA-ABB5-550657313723}"
EndProject
Project("{FAE04EC0-301F-11D3-BF4B-00C04F79EFBC}") = "WCF.Service", "WCF.Service\WCF.Service.csproj", "{65209FBA-2C05-4DE9-BD22-78E0B190CBC3}"
EndProject
Project("{FAE04EC0-301F-11D3-BF4B-00C04F79EFBC}") = "WCFTest", "WCFTest\WCFTest.csproj", "{85868BD3-9BC5-4D7F-8977-AA7C409AA01A}"
EndProject
Project("{FAE04EC0-301F-11D3-BF4B-00C04F79EFBC}") = "WCF.Exceptions", "WCF.Exceptions\WCF.Exceptions.csproj", "{1FA48BE5-1037-4FB1-9297-BF0B6AEA65F9}"
EndProject
Global
	GlobalSection(SolutionConfigurationPlatforms) = preSolution
		Debug|Any CPU = Debug|Any CPU
		Debug|ARM = Debug|ARM
		Debug|x64 = Debug|x64
		Debug|x86 = Debug|x86
		Release|Any CPU = Release|Any CPU
		Release|ARM = Release|ARM
		Release|x64 = Release|x64
		Release|x86 = Release|x86
	EndGlobalSection
	GlobalSection(ProjectConfigurationPlatforms) = postSolution
		{B11209D1-D035-442F-AD8C-3D35ED85EF77}.Debug|Any CPU.ActiveCfg = Debug|Any CPU
		{B11209D1-D035-442F-AD8C-3D35ED85EF77}.Debug|Any CPU.Build.0 = Debug|Any CPU
		{B11209D1-D035-442F-AD8C-3D35ED85EF77}.Debug|ARM.ActiveCfg = Debug|Any CPU
		{B11209D1-D035-442F-AD8C-3D35ED85EF77}.Debug|ARM.Build.0 = Debug|Any CPU
		{B11209D1-D035-442F-AD8C-3D35ED85EF77}.Debug|x64.ActiveCfg = Debug|Any CPU
		{B11209D1-D035-442F-AD8C-3D35ED85EF77}.Debug|x64.Build.0 = Debug|Any CPU
		{B11209D1-D035-442F-AD8C-3D35ED85EF77}.Debug|x86.ActiveCfg = Debug|Any CPU
		{B11209D1-D035-442F-AD8C-3D35ED85EF77}.Debug|x86.Build.0 = Debug|Any CPU
		{B11209D1-D035-442F-AD8C-3D35ED85EF77}.Release|Any CPU.ActiveCfg = Release|Any CPU
		{B11209D1-D035-442F-AD8C-3D35ED85EF77}.Release|Any CPU.Build.0 = Release|Any CPU
		{B11209D1-D035-442F-AD8C-3D35ED85EF77}.Release|ARM.ActiveCfg = Release|Any CPU
		{B11209D1-D035-442F-AD8C-3D35ED85EF77}.Release|ARM.Build.0 = Release|Any CPU
		{B11209D1-D035-442F-AD8C-3D35ED85EF77}.Release|x64.ActiveCfg = Release|Any CPU
		{B11209D1-D035-442F-AD8C-3D35ED85EF77}.Release|x64.Build.0 = Release|Any CPU
		{B11209D1-D035-442F-AD8C-3D35ED85EF77}.Release|x86.ActiveCfg = Release|Any CPU
		{B11209D1-D035-442F-AD8C-3D35ED85EF77}.Release|x86.Build.0 = Release|Any CPU
		{2BFB578D-13A9-4B77-BEE7-0814E5C2A25A}.Debug|Any CPU.ActiveCfg = Debug|Any CPU
		{2BFB578D-13A9-4B77-BEE7-0814E5C2A25A}.Debug|Any CPU.Build.0 = Debug|Any CPU
		{2BFB578D-13A9-4B77-BEE7-0814E5C2A25A}.Debug|ARM.ActiveCfg = Debug|Any CPU
		{2BFB578D-13A9-4B77-BEE7-0814E5C2A25A}.Debug|ARM.Build.0 = Debug|Any CPU
		{2BFB578D-13A9-4B77-BEE7-0814E5C2A25A}.Debug|x64.ActiveCfg = Debug|Any CPU
		{2BFB578D-13A9-4B77-BEE7-0814E5C2A25A}.Debug|x64.Build.0 = Debug|Any CPU
		{2BFB578D-13A9-4B77-BEE7-0814E5C2A25A}.Debug|x86.ActiveCfg = Debug|Any CPU
		{2BFB578D-13A9-4B77-BEE7-0814E5C2A25A}.Debug|x86.Build.0 = Debug|Any CPU
		{2BFB578D-13A9-4B77-BEE7-0814E5C2A25A}.Release|Any CPU.ActiveCfg = Release|Any CPU
		{2BFB578D-13A9-4B77-BEE7-0814E5C2A25A}.Release|Any CPU.Build.0 = Release|Any CPU
		{2BFB578D-13A9-4B77-BEE7-0814E5C2A25A}.Release|ARM.ActiveCfg = Release|Any CPU
		{2BFB578D-13A9-4B77-BEE7-0814E5C2A25A}.Release|ARM.Build.0 = Release|Any CPU
		{2BFB578D-13A9-4B77-BEE7-0814E5C2A25A}.Release|x64.ActiveCfg = Release|Any CPU
		{2BFB578D-13A9-4B77-BEE7-0814E5C2A25A}.Release|x64.Build.0 = Release|Any CPU
		{2BFB578D-13A9-4B77-BEE7-0814E5C2A25A}.Release|x86.ActiveCfg = Release|Any CPU
		{2BFB578D-13A9-4B77-BEE7-0814E5C2A25A}.Release|x86.Build.0 = Release|Any CPU
		{38C2AD64-EFC8-45FA-ABB5-550657313723}.Debug|Any CPU.ActiveCfg = Debug|Any CPU
		{38C2AD64-EFC8-45FA-ABB5-550657313723}.Debug|Any CPU.Build.0 = Debug|Any CPU
		{38C2AD64-EFC8-45FA-ABB5-550657313723}.Debug|ARM.ActiveCfg = Debug|Any CPU
		{38C2AD64-EFC8-45FA-ABB5-550657313723}.Debug|ARM.Build.0 = Debug|Any CPU
		{38C2AD64-EFC8-45FA-ABB5-550657313723}.Debug|x64.ActiveCfg = Debug|Any CPU
		{38C2AD64-EFC8-45FA-ABB5-550657313723}.Debug|x64.Build.0 = Debug|Any CPU
		{38C2AD64-EFC8-45FA-ABB5-550657313723}.Debug|x86.ActiveCfg = Debug|Any CPU
		{38C2AD64-EFC8-45FA-ABB5-550657313723}.Debug|x86.Build.0 = Debug|Any CPU
		{38C2AD64-EFC8-45FA-ABB5-550657313723}.Release|Any CPU.ActiveCfg = Release|Any CPU
		{38C2AD64-EFC8-45FA-ABB5-550657313723}.Release|Any CPU.Build.0 = Release|Any CPU
		{38C2AD64-EFC8-45FA-ABB5-550657313723}.Release|ARM.ActiveCfg = Release|Any CPU
		{38C2AD64-EFC8-45FA-ABB5-550657313723}.Release|ARM.Build.0 = Release|Any CPU
		{38C2AD64-EFC8-45FA-ABB5-550657313723}.Release|x64.ActiveCfg = Release|Any CPU
		{38C2AD64-EFC8-45FA-ABB5-550657313723}.Release|x64.Build.0 = Release|Any CPU
		{38C2AD64-EFC8-45FA-ABB5-550657313723}.Release|x86.ActiveCfg = Release|Any CPU
		{38C2AD64-EFC8-45FA-ABB5-550657313723}.Release|x86.Build.0 = Release|Any CPU
		{65209FBA-2C05-4DE9-BD22-78E0B190CBC3}.Debug|Any CPU.ActiveCfg = Debug|Any CPU
		{65209FBA-2C05-4DE9-BD22-78E0B190CBC3}.Debug|Any CPU.Build.0 = Debug|Any CPU
		{65209FBA-2C05-4DE9-BD22-78E0B190CBC3}.Debug|ARM.ActiveCfg = Debug|Any CPU
		{65209FBA-2C05-4DE9-BD22-78E0B190CBC3}.Debug|ARM.Build.0 = Debug|Any CPU
		{65209FBA-2C05-4DE9-BD22-78E0B190CBC3}.Debug|x64.ActiveCfg = Debug|Any CPU
		{65209FBA-2C05-4DE9-BD22-78E0B190CBC3}.Debug|x64.Build.0 = Debug|Any CPU
		{65209FBA-2C05-4DE9-BD22-78E0B190CBC3}.Debug|x86.ActiveCfg = Debug|Any CPU
		{65209FBA-2C05-4DE9-BD22-78E0B190CBC3}.Debug|x86.Build.0 = Debug|Any CPU
		{65209FBA-2C05-4DE9-BD22-78E0B190CBC3}.Release|Any CPU.ActiveCfg = Release|Any CPU
		{65209FBA-2C05-4DE9-BD22-78E0B190CBC3}.Release|Any CPU.Build.0 = Release|Any CPU
		{65209FBA-2C05-4DE9-BD22-78E0B190CBC3}.Release|ARM.ActiveCfg = Release|Any CPU
		{65209FBA-2C05-4DE9-BD22-78E0B190CBC3}.Release|ARM.Build.0 = Release|Any CPU
		{65209FBA-2C05-4DE9-BD22-78E0B190CBC3}.Release|x64.ActiveCfg = Release|Any CPU
		{65209FBA-2C05-4DE9-BD22-78E0B190CBC3}.Release|x64.Build.0 = Release|Any CPU
		{65209FBA-2C05-4DE9-BD22-78E0B190CBC3}.Release|x86.ActiveCfg = Release|Any CPU
		{65209FBA-2C05-4DE9-BD22-78E0B190CBC3}.Release|x86.Build.0 = Release|Any CPU
		{85868BD3-9BC5-4D7F-8977-AA7C409AA01A}.Debug|Any CPU.ActiveCfg = Debug|Any CPU
		{85868BD3-9BC5-4D7F-8977-AA7C409AA01A}.Debug|Any CPU.Build.0 = Debug|Any CPU
		{85868BD3-9BC5-4D7F-8977-AA7C409AA01A}.Debug|ARM.ActiveCfg = Debug|Any CPU
		{85868BD3-9BC5-4D7F-8977-AA7C409AA01A}.Debug|ARM.Build.0 = Debug|Any CPU
		{85868BD3-9BC5-4D7F-8977-AA7C409AA01A}.Debug|x64.ActiveCfg = Debug|Any CPU
		{85868BD3-9BC5-4D7F-8977-AA7C409AA01A}.Debug|x64.Build.0 = Debug|Any CPU
		{85868BD3-9BC5-4D7F-8977-AA7C409AA01A}.Debug|x86.ActiveCfg = Debug|Any CPU
		{85868BD3-9BC5-4D7F-8977-AA7C409AA01A}.Debug|x86.Build.0 = Debug|Any CPU
		{85868BD3-9BC5-4D7F-8977-AA7C409AA01A}.Release|Any CPU.ActiveCfg = Release|Any CPU
		{85868BD3-9BC5-4D7F-8977-AA7C409AA01A}.Release|Any CPU.Build.0 = Release|Any CPU
		{85868BD3-9BC5-4D7F-8977-AA7C409AA01A}.Release|ARM.ActiveCfg = Release|Any CPU
		{85868BD3-9BC5-4D7F-8977-AA7C409AA01A}.Release|ARM.Build.0 = Release|Any CPU
		{85868BD3-9BC5-4D7F-8977-AA7C409AA01A}.Release|x64.ActiveCfg = Release|Any CPU
		{85868BD3-9BC5-4D7F-8977-AA7C409AA01A}.Release|x64.Build.0 = Release|Any CPU
		{85868BD3-9BC5-4D7F-8977-AA7C409AA01A}.Release|x86.ActiveCfg = Release|Any CPU
		{85868BD3-9BC5-4D7F-8977-AA7C409AA01A}.Release|x86.Build.0 = Release|Any CPU
		{1FA48BE5-1037-4FB1-9297-BF0B6AEA65F9}.Debug|Any CPU.ActiveCfg = Debug|Any CPU
		{1FA48BE5-1037-4FB1-9297-BF0B6AEA65F9}.Debug|Any CPU.Build.0 = Debug|Any CPU
		{1FA48BE5-1037-4FB1-9297-BF0B6AEA65F9}.Debug|ARM.ActiveCfg = Debug|Any CPU
		{1FA48BE5-1037-4FB1-9297-BF0B6AEA65F9}.Debug|ARM.Build.0 = Debug|Any CPU
		{1FA48BE5-1037-4FB1-9297-BF0B6AEA65F9}.Debug|x64.ActiveCfg = Debug|Any CPU
		{1FA48BE5-1037-4FB1-9297-BF0B6AEA65F9}.Debug|x64.Build.0 = Debug|Any CPU
		{1FA48BE5-1037-4FB1-9297-BF0B6AEA65F9}.Debug|x86.ActiveCfg = Debug|Any CPU
		{1FA48BE5-1037-4FB1-9297-BF0B6AEA65F9}.Debug|x86.Build.0 = Debug|Any CPU
		{1FA48BE5-1037-4FB1-9297-BF0B6AEA65F9}.Release|Any CPU.ActiveCfg = Release|Any CPU
		{1FA48BE5-1037-4FB1-9297-BF0B6AEA65F9}.Release|Any CPU.Build.0 = Release|Any CPU
		{1FA48BE5-1037-4FB1-9297-BF0B6AEA65F9}.Release|ARM.ActiveCfg = Release|Any CPU
		{1FA48BE5-1037-4FB1-9297-BF0B6AEA65F9}.Release|ARM.Build.0 = Release|Any CPU
		{1FA48BE5-1037-4FB1-9297-BF0B6AEA65F9}.Release|x64.ActiveCfg = Release|Any CPU
		{1FA48BE5-1037-4FB1-9297-BF0B6AEA65F9}.Release|x64.Build.0 = Release|Any CPU
		{1FA48BE5-1037-4FB1-9297-BF0B6AEA65F9}.Release|x86.ActiveCfg = Release|Any CPU
		{1FA48BE5-1037-4FB1-9297-BF0B6AEA65F9}.Release|x86.Build.0 = Release|Any CPU
	EndGlobalSection
	GlobalSection(SolutionProperties) = preSolution
		HideSolutionNode = FALSE
	EndGlobalSection
	GlobalSection(ExtensibilityGlobals) = postSolution
		SolutionGuid = {6A874BA9-6DEA-4BB1-96EA-D6FADAEA22EE}
	EndGlobalSection
EndGlobal
